
Microsoft Visual Studio Solution File, Format Version 12.00
# Visual Studio Version 16
VisualStudioVersion = 16.0.32228.343
MinimumVisualStudioVersion = 10.0.40219.1
Project("{FAE04EC0-301F-11D3-BF4B-00C04F79EFBC}") = "WeatherAPP", "WeatherAPP\WeatherAPP.csproj", "{CB2F8369-CCD1-4F4A-B7A2-93A051DC5B1B}"
EndProject
Project("{FAE04EC0-301F-11D3-BF4B-00C04F79EFBC}") = "AppCore", "AppCore\AppCore.csproj", "{4A95235E-F8FE-458E-9EBE-F6B49D2AFD59}"
EndProject
Project("{FAE04EC0-301F-11D3-BF4B-00C04F79EFBC}") = "Domain", "Domain\Domain.csproj", "{3BAAA49C-3A31-4E9E-8280-22D9CC5E4233}"
EndProject
Project("{FAE04EC0-301F-11D3-BF4B-00C04F79EFBC}") = "Infraestructure", "Infraestructure\Infraestructure.csproj", "{CF6938DA-0E5A-4BDF-9D85-08174F171E37}"
EndProject
Global
	GlobalSection(SolutionConfigurationPlatforms) = preSolution
		Debug|Any CPU = Debug|Any CPU
		Release|Any CPU = Release|Any CPU
	EndGlobalSection
	GlobalSection(ProjectConfigurationPlatforms) = postSolution
		{CB2F8369-CCD1-4F4A-B7A2-93A051DC5B1B}.Debug|Any CPU.ActiveCfg = Debug|Any CPU
		{CB2F8369-CCD1-4F4A-B7A2-93A051DC5B1B}.Debug|Any CPU.Build.0 = Debug|Any CPU
		{CB2F8369-CCD1-4F4A-B7A2-93A051DC5B1B}.Release|Any CPU.ActiveCfg = Release|Any CPU
		{CB2F8369-CCD1-4F4A-B7A2-93A051DC5B1B}.Release|Any CPU.Build.0 = Release|Any CPU
		{4A95235E-F8FE-458E-9EBE-F6B49D2AFD59}.Debug|Any CPU.ActiveCfg = Debug|Any CPU
		{4A95235E-F8FE-458E-9EBE-F6B49D2AFD59}.Debug|Any CPU.Build.0 = Debug|Any CPU
		{4A95235E-F8FE-458E-9EBE-F6B49D2AFD59}.Release|Any CPU.ActiveCfg = Release|Any CPU
		{4A95235E-F8FE-458E-9EBE-F6B49D2AFD59}.Release|Any CPU.Build.0 = Release|Any CPU
		{3BAAA49C-3A31-4E9E-8280-22D9CC5E4233}.Debug|Any CPU.ActiveCfg = Debug|Any CPU
		{3BAAA49C-3A31-4E9E-8280-22D9CC5E4233}.Debug|Any CPU.Build.0 = Debug|Any CPU
		{3BAAA49C-3A31-4E9E-8280-22D9CC5E4233}.Release|Any CPU.ActiveCfg = Release|Any CPU
		{3BAAA49C-3A31-4E9E-8280-22D9CC5E4233}.Release|Any CPU.Build.0 = Release|Any CPU
		{CF6938DA-0E5A-4BDF-9D85-08174F171E37}.Debug|Any CPU.ActiveCfg = Debug|Any CPU
		{CF6938DA-0E5A-4BDF-9D85-08174F171E37}.Debug|Any CPU.Build.0 = Debug|Any CPU
		{CF6938DA-0E5A-4BDF-9D85-08174F171E37}.Release|Any CPU.ActiveCfg = Release|Any CPU
		{CF6938DA-0E5A-4BDF-9D85-08174F171E37}.Release|Any CPU.Build.0 = Release|Any CPU
	EndGlobalSection
	GlobalSection(SolutionProperties) = preSolution
		HideSolutionNode = FALSE
	EndGlobalSection
	GlobalSection(ExtensibilityGlobals) = postSolution
		SolutionGuid = {7172D95F-C748-482D-BC69-1DE7BAC09261}
	EndGlobalSection
EndGlobal
